
Microsoft Visual Studio Solution File, Format Version 12.00
# Visual Studio Version 16
VisualStudioVersion = 16.0.30717.126
MinimumVisualStudioVersion = 10.0.40219.1
Project("{FAE04EC0-301F-11D3-BF4B-00C04F79EFBC}") = "Quiz", "Quiz\Quiz.csproj", "{03C7CA25-DD6B-4620-B37C-0DD294CFD678}"
EndProject
Global
	GlobalSection(SolutionConfigurationPlatforms) = preSolution
		Debug|Any CPU = Debug|Any CPU
		Release|Any CPU = Release|Any CPU
	EndGlobalSection
	GlobalSection(ProjectConfigurationPlatforms) = postSolution
		{03C7CA25-DD6B-4620-B37C-0DD294CFD678}.Debug|Any CPU.ActiveCfg = Debug|Any CPU
		{03C7CA25-DD6B-4620-B37C-0DD294CFD678}.Debug|Any CPU.Build.0 = Debug|Any CPU
		{03C7CA25-DD6B-4620-B37C-0DD294CFD678}.Release|Any CPU.ActiveCfg = Release|Any CPU
		{03C7CA25-DD6B-4620-B37C-0DD294CFD678}.Release|Any CPU.Build.0 = Release|Any CPU
	EndGlobalSection
	GlobalSection(SolutionProperties) = preSolution
		HideSolutionNode = FALSE
	EndGlobalSection
	GlobalSection(ExtensibilityGlobals) = postSolution
		SolutionGuid = {66C593C9-F6BF-4B9D-AA5D-FE6A00FFF9C6}
	EndGlobalSection
EndGlobal
